
Microsoft Visual Studio Solution File, Format Version 12.00
# Visual Studio Version 16
VisualStudioVersion = 16.0.30104.148
MinimumVisualStudioVersion = 10.0.40219.1
Project("{FAE04EC0-301F-11D3-BF4B-00C04F79EFBC}") = "TP_Corentin_Maxence", "TP_Corentin_Maxence\TP_Corentin_Maxence.csproj", "{C525A08D-0101-4F54-8234-40ADD944E91C}"
EndProject
Global
	GlobalSection(SolutionConfigurationPlatforms) = preSolution
		Debug|Any CPU = Debug|Any CPU
		Release|Any CPU = Release|Any CPU
	EndGlobalSection
	GlobalSection(ProjectConfigurationPlatforms) = postSolution
		{C525A08D-0101-4F54-8234-40ADD944E91C}.Debug|Any CPU.ActiveCfg = Debug|Any CPU
		{C525A08D-0101-4F54-8234-40ADD944E91C}.Debug|Any CPU.Build.0 = Debug|Any CPU
		{C525A08D-0101-4F54-8234-40ADD944E91C}.Release|Any CPU.ActiveCfg = Release|Any CPU
		{C525A08D-0101-4F54-8234-40ADD944E91C}.Release|Any CPU.Build.0 = Release|Any CPU
	EndGlobalSection
	GlobalSection(SolutionProperties) = preSolution
		HideSolutionNode = FALSE
	EndGlobalSection
	GlobalSection(ExtensibilityGlobals) = postSolution
		SolutionGuid = {EE44F6DD-FA28-4666-A14C-150B58F2962F}
	EndGlobalSection
EndGlobal
